
Microsoft Visual Studio Solution File, Format Version 12.00
# Visual Studio Version 17
VisualStudioVersion = 17.11.35222.181
MinimumVisualStudioVersion = 10.0.40219.1
Project("{2150E333-8FDC-42A3-9474-1A3956D46DE8}") = "src", "src", "{C637D2FF-CE5F-4CA5-A9B4-C8DF7E2C7021}"
EndProject
Project("{2150E333-8FDC-42A3-9474-1A3956D46DE8}") = "code", "code", "{F61F4346-C610-4B84-A26E-73B8CD3DD09B}"
EndProject
Project("{2150E333-8FDC-42A3-9474-1A3956D46DE8}") = "test", "test", "{51658C59-89FE-4F31-9D09-279F7C78858F}"
EndProject
Project("{9A19103F-16F7-4668-BE54-9A1E7A4F7556}") = "Bank.Domain", "src\code\Bank.Domain\Bank.Domain.csproj", "{2C90F4A4-0BBA-4DFE-BB87-9E6F2A1070A5}"
EndProject
Project("{9A19103F-16F7-4668-BE54-9A1E7A4F7556}") = "Bank.Domain.Tests.Unit", "src\test\Bank.Domain.Tests.Unit\Bank.Domain.Tests.Unit.csproj", "{371B3C90-8F10-4FFF-89CD-E50C6312EA11}"
EndProject
Project("{9A19103F-16F7-4668-BE54-9A1E7A4F7556}") = "Bank.Business.Tests.Unit", "src\test\Bank.Business.Tests.Unit\Bank.Business.Tests.Unit.csproj", "{CBABE1D8-A276-4899-B43C-93253F7AF8F5}"
EndProject
Project("{9A19103F-16F7-4668-BE54-9A1E7A4F7556}") = "Bank.Business", "src\code\Bank.Business\Bank.Business.csproj", "{F3190570-7992-401B-A753-4F6FFCE4FBF4}"
EndProject
Project("{9A19103F-16F7-4668-BE54-9A1E7A4F7556}") = "Bank.Persistence", "src\code\Bank.Persistence\Bank.Persistence.csproj", "{29C2AF69-F639-40C5-AB9E-BBCBF2707706}"
EndProject
Project("{9A19103F-16F7-4668-BE54-9A1E7A4F7556}") = "Bank.Persistence.Tests.Integration", "src\test\Bank.Persistence.Tests.Integration\Bank.Persistence.Tests.Integration.csproj", "{C0B39BE0-B7C2-465A-899B-F9E1C8A57253}"
EndProject
Project("{9A19103F-16F7-4668-BE54-9A1E7A4F7556}") = "Bank.Integration.Tests", "src\test\Bank.Integration.Tests\Bank.Integration.Tests.csproj", "{63C1914D-0CF6-4210-B0AF-99281E6FD2F6}"
EndProject
Project("{9A19103F-16F7-4668-BE54-9A1E7A4F7556}") = "Bank.API", "src\code\Bank.API\Bank.API.csproj", "{1F2DD282-B508-432C-A558-7BD5F08B0AD7}"
EndProject
Global
	GlobalSection(SolutionConfigurationPlatforms) = preSolution
		Debug|Any CPU = Debug|Any CPU
		Release|Any CPU = Release|Any CPU
	EndGlobalSection
	GlobalSection(ProjectConfigurationPlatforms) = postSolution
		{2C90F4A4-0BBA-4DFE-BB87-9E6F2A1070A5}.Debug|Any CPU.ActiveCfg = Debug|Any CPU
		{2C90F4A4-0BBA-4DFE-BB87-9E6F2A1070A5}.Debug|Any CPU.Build.0 = Debug|Any CPU
		{2C90F4A4-0BBA-4DFE-BB87-9E6F2A1070A5}.Release|Any CPU.ActiveCfg = Release|Any CPU
		{2C90F4A4-0BBA-4DFE-BB87-9E6F2A1070A5}.Release|Any CPU.Build.0 = Release|Any CPU
		{371B3C90-8F10-4FFF-89CD-E50C6312EA11}.Debug|Any CPU.ActiveCfg = Debug|Any CPU
		{371B3C90-8F10-4FFF-89CD-E50C6312EA11}.Debug|Any CPU.Build.0 = Debug|Any CPU
		{371B3C90-8F10-4FFF-89CD-E50C6312EA11}.Release|Any CPU.ActiveCfg = Release|Any CPU
		{371B3C90-8F10-4FFF-89CD-E50C6312EA11}.Release|Any CPU.Build.0 = Release|Any CPU
		{CBABE1D8-A276-4899-B43C-93253F7AF8F5}.Debug|Any CPU.ActiveCfg = Debug|Any CPU
		{CBABE1D8-A276-4899-B43C-93253F7AF8F5}.Debug|Any CPU.Build.0 = Debug|Any CPU
		{CBABE1D8-A276-4899-B43C-93253F7AF8F5}.Release|Any CPU.ActiveCfg = Release|Any CPU
		{CBABE1D8-A276-4899-B43C-93253F7AF8F5}.Release|Any CPU.Build.0 = Release|Any CPU
		{F3190570-7992-401B-A753-4F6FFCE4FBF4}.Debug|Any CPU.ActiveCfg = Debug|Any CPU
		{F3190570-7992-401B-A753-4F6FFCE4FBF4}.Debug|Any CPU.Build.0 = Debug|Any CPU
		{F3190570-7992-401B-A753-4F6FFCE4FBF4}.Release|Any CPU.ActiveCfg = Release|Any CPU
		{F3190570-7992-401B-A753-4F6FFCE4FBF4}.Release|Any CPU.Build.0 = Release|Any CPU
		{29C2AF69-F639-40C5-AB9E-BBCBF2707706}.Debug|Any CPU.ActiveCfg = Debug|Any CPU
		{29C2AF69-F639-40C5-AB9E-BBCBF2707706}.Debug|Any CPU.Build.0 = Debug|Any CPU
		{29C2AF69-F639-40C5-AB9E-BBCBF2707706}.Release|Any CPU.ActiveCfg = Release|Any CPU
		{29C2AF69-F639-40C5-AB9E-BBCBF2707706}.Release|Any CPU.Build.0 = Release|Any CPU
		{C0B39BE0-B7C2-465A-899B-F9E1C8A57253}.Debug|Any CPU.ActiveCfg = Debug|Any CPU
		{C0B39BE0-B7C2-465A-899B-F9E1C8A57253}.Debug|Any CPU.Build.0 = Debug|Any CPU
		{C0B39BE0-B7C2-465A-899B-F9E1C8A57253}.Release|Any CPU.ActiveCfg = Release|Any CPU
		{C0B39BE0-B7C2-465A-899B-F9E1C8A57253}.Release|Any CPU.Build.0 = Release|Any CPU
		{63C1914D-0CF6-4210-B0AF-99281E6FD2F6}.Debug|Any CPU.ActiveCfg = Debug|Any CPU
		{63C1914D-0CF6-4210-B0AF-99281E6FD2F6}.Debug|Any CPU.Build.0 = Debug|Any CPU
		{63C1914D-0CF6-4210-B0AF-99281E6FD2F6}.Release|Any CPU.ActiveCfg = Release|Any CPU
		{63C1914D-0CF6-4210-B0AF-99281E6FD2F6}.Release|Any CPU.Build.0 = Release|Any CPU
		{1F2DD282-B508-432C-A558-7BD5F08B0AD7}.Debug|Any CPU.ActiveCfg = Debug|Any CPU
		{1F2DD282-B508-432C-A558-7BD5F08B0AD7}.Debug|Any CPU.Build.0 = Debug|Any CPU
		{1F2DD282-B508-432C-A558-7BD5F08B0AD7}.Release|Any CPU.ActiveCfg = Release|Any CPU
		{1F2DD282-B508-432C-A558-7BD5F08B0AD7}.Release|Any CPU.Build.0 = Release|Any CPU
	EndGlobalSection
	GlobalSection(SolutionProperties) = preSolution
		HideSolutionNode = FALSE
	EndGlobalSection
	GlobalSection(NestedProjects) = preSolution
		{F61F4346-C610-4B84-A26E-73B8CD3DD09B} = {C637D2FF-CE5F-4CA5-A9B4-C8DF7E2C7021}
		{51658C59-89FE-4F31-9D09-279F7C78858F} = {C637D2FF-CE5F-4CA5-A9B4-C8DF7E2C7021}
		{2C90F4A4-0BBA-4DFE-BB87-9E6F2A1070A5} = {F61F4346-C610-4B84-A26E-73B8CD3DD09B}
		{371B3C90-8F10-4FFF-89CD-E50C6312EA11} = {51658C59-89FE-4F31-9D09-279F7C78858F}
		{CBABE1D8-A276-4899-B43C-93253F7AF8F5} = {51658C59-89FE-4F31-9D09-279F7C78858F}
		{F3190570-7992-401B-A753-4F6FFCE4FBF4} = {F61F4346-C610-4B84-A26E-73B8CD3DD09B}
		{29C2AF69-F639-40C5-AB9E-BBCBF2707706} = {F61F4346-C610-4B84-A26E-73B8CD3DD09B}
		{C0B39BE0-B7C2-465A-899B-F9E1C8A57253} = {51658C59-89FE-4F31-9D09-279F7C78858F}
		{63C1914D-0CF6-4210-B0AF-99281E6FD2F6} = {51658C59-89FE-4F31-9D09-279F7C78858F}
		{1F2DD282-B508-432C-A558-7BD5F08B0AD7} = {F61F4346-C610-4B84-A26E-73B8CD3DD09B}
	EndGlobalSection
	GlobalSection(ExtensibilityGlobals) = postSolution
		SolutionGuid = {EE1790A1-E6B2-4B24-BFBC-0AA11ACE8F52}
	EndGlobalSection
EndGlobal
